// !$*UTF8*$!
{
	archiveVersion = 1;
	classes = {
	};
	objectVersion = 46;
	objects = {

/* Begin PBXBuildFile section */
		D3A30465DED0A54864830928 /* Pods_Tsukuba_iOS.framework in Frameworks */ = {isa = PBXBuildFile; fileRef = F44E7EC0007342735A1D800F /* Pods_Tsukuba_iOS.framework */; };
		E4089FA31EBADD170042221D /* CategoriesCollectionViewController.swift in Sources */ = {isa = PBXBuildFile; fileRef = E4089FA21EBADD170042221D /* CategoriesCollectionViewController.swift */; };
		E4089FB51EBAE55C0042221D /* DaoManager.swift in Sources */ = {isa = PBXBuildFile; fileRef = E4089FB31EBAE55C0042221D /* DaoManager.swift */; };
		E4089FB61EBAE55C0042221D /* DaoTemplate.swift in Sources */ = {isa = PBXBuildFile; fileRef = E4089FB41EBAE55C0042221D /* DaoTemplate.swift */; };
		E4089FB81EBAE5830042221D /* CategoryDao.swift in Sources */ = {isa = PBXBuildFile; fileRef = E4089FB71EBAE5830042221D /* CategoryDao.swift */; };
		E4089FBA1EBAE58F0042221D /* OptionDao.swift in Sources */ = {isa = PBXBuildFile; fileRef = E4089FB91EBAE58F0042221D /* OptionDao.swift */; };
		E4089FBC1EBAE59E0042221D /* SelectionDao.swift in Sources */ = {isa = PBXBuildFile; fileRef = E4089FBB1EBAE59E0042221D /* SelectionDao.swift */; };
		E4089FD71EBAEFA00042221D /* SyncManager.swift in Sources */ = {isa = PBXBuildFile; fileRef = E4089FD61EBAEFA00042221D /* SyncManager.swift */; };
		E4089FDA1EBAF0250042221D /* Global.swift in Sources */ = {isa = PBXBuildFile; fileRef = E4089FD91EBAF0250042221D /* Global.swift */; };
		E4089FDC1EBAF2190042221D /* Response.swift in Sources */ = {isa = PBXBuildFile; fileRef = E4089FDB1EBAF2190042221D /* Response.swift */; };
		E4089FE21EBAF8F40042221D /* CategoryCollectionViewCell.swift in Sources */ = {isa = PBXBuildFile; fileRef = E4089FE11EBAF8F40042221D /* CategoryCollectionViewCell.swift */; };
		E4089FE71EBB36440042221D /* MeTableViewController.swift in Sources */ = {isa = PBXBuildFile; fileRef = E4089FE61EBB36440042221D /* MeTableViewController.swift */; };
		E4089FE91EBB3A1F0042221D /* LoginViewController.swift in Sources */ = {isa = PBXBuildFile; fileRef = E4089FE81EBB3A1F0042221D /* LoginViewController.swift */; };
		E4089FEB1EBB3B990042221D /* CommonTool.swift in Sources */ = {isa = PBXBuildFile; fileRef = E4089FEA1EBB3B990042221D /* CommonTool.swift */; };
		E4089FED1EBB3BF90042221D /* UserManager.swift in Sources */ = {isa = PBXBuildFile; fileRef = E4089FEC1EBB3BF90042221D /* UserManager.swift */; };
		E4089FEF1EBB4AD80042221D /* MyProfileTableViewController.swift in Sources */ = {isa = PBXBuildFile; fileRef = E4089FEE1EBB4AD80042221D /* MyProfileTableViewController.swift */; };
		E4089FF11EBB4F160042221D /* AvatarViewController.swift in Sources */ = {isa = PBXBuildFile; fileRef = E4089FF01EBB4F160042221D /* AvatarViewController.swift */; };
		E4089FF31EBB50790042221D /* Localizable.strings in Resources */ = {isa = PBXBuildFile; fileRef = E4089FF21EBB50790042221D /* Localizable.strings */; };
		E41ADBFC1EC151AA006479C5 /* PictureCollectionViewCell.swift in Sources */ = {isa = PBXBuildFile; fileRef = E41ADBFB1EC151AA006479C5 /* PictureCollectionViewCell.swift */; };
		E41F7D011EC34CB8002E8184 /* MessagesCollectionViewController.swift in Sources */ = {isa = PBXBuildFile; fileRef = E41F7D001EC34CB8002E8184 /* MessagesCollectionViewController.swift */; };
		E41F7D031EC3604C002E8184 /* MessageCollectionViewCell.swift in Sources */ = {isa = PBXBuildFile; fileRef = E41F7D021EC3604C002E8184 /* MessageCollectionViewCell.swift */; };
		E41F7D081EC369CD002E8184 /* login-bg.jpg in Resources */ = {isa = PBXBuildFile; fileRef = E41F7D071EC369CD002E8184 /* login-bg.jpg */; };
		E41F7D0A1EC36C2A002E8184 /* RegisterViewController.swift in Sources */ = {isa = PBXBuildFile; fileRef = E41F7D091EC36C2A002E8184 /* RegisterViewController.swift */; };
		E41F7D0C1EC36C4B002E8184 /* EditingViewController.swift in Sources */ = {isa = PBXBuildFile; fileRef = E41F7D0B1EC36C4B002E8184 /* EditingViewController.swift */; };
		E41F7D121EC3EB92002E8184 /* CustomBack.swift in Sources */ = {isa = PBXBuildFile; fileRef = E41F7D111EC3EB92002E8184 /* CustomBack.swift */; };
		E42331781EC030FE00C3A6B0 /* Assets.xcassets in Resources */ = {isa = PBXBuildFile; fileRef = E42331771EC030FE00C3A6B0 /* Assets.xcassets */; };
		E489721D1EBED40F0064EA13 /* PostViewController.swift in Sources */ = {isa = PBXBuildFile; fileRef = E489721C1EBED40F0064EA13 /* PostViewController.swift */; };
		E489721F1EBEF34E0064EA13 /* SelectCategoryViewController.swift in Sources */ = {isa = PBXBuildFile; fileRef = E489721E1EBEF34E0064EA13 /* SelectCategoryViewController.swift */; };
		E48972211EBF62280064EA13 /* PictureViewController.swift in Sources */ = {isa = PBXBuildFile; fileRef = E48972201EBF62280064EA13 /* PictureViewController.swift */; };
		E48972231EBF64320064EA13 /* MessageManager.swift in Sources */ = {isa = PBXBuildFile; fileRef = E48972221EBF64320064EA13 /* MessageManager.swift */; };
		E48DE54F1EC2D30700E5CA25 /* MyMessagesTableViewController.swift in Sources */ = {isa = PBXBuildFile; fileRef = E48DE54E1EC2D30700E5CA25 /* MyMessagesTableViewController.swift */; };
		E48DE5511EC2D33000E5CA25 /* MyMessageTableViewCell.swift in Sources */ = {isa = PBXBuildFile; fileRef = E48DE5501EC2D33000E5CA25 /* MyMessageTableViewCell.swift */; };
		E48DE5531EC2D52C00E5CA25 /* Message.swift in Sources */ = {isa = PBXBuildFile; fileRef = E48DE5521EC2D52C00E5CA25 /* Message.swift */; };
		E4962BE21EB4B08000DF8CAE /* AppDelegate.swift in Sources */ = {isa = PBXBuildFile; fileRef = E4962BE11EB4B08000DF8CAE /* AppDelegate.swift */; };
		E4962BE71EB4B08000DF8CAE /* Main.storyboard in Resources */ = {isa = PBXBuildFile; fileRef = E4962BE51EB4B08000DF8CAE /* Main.storyboard */; };
		E4962BEA1EB4B08000DF8CAE /* Tsukuba.xcdatamodeld in Sources */ = {isa = PBXBuildFile; fileRef = E4962BE81EB4B08000DF8CAE /* Tsukuba.xcdatamodeld */; };
		E4962BEF1EB4B08000DF8CAE /* LaunchScreen.storyboard in Resources */ = {isa = PBXBuildFile; fileRef = E4962BED1EB4B08000DF8CAE /* LaunchScreen.storyboard */; };
		E4962BFA1EB4B08000DF8CAE /* Tsukuba_iOSTests.swift in Sources */ = {isa = PBXBuildFile; fileRef = E4962BF91EB4B08000DF8CAE /* Tsukuba_iOSTests.swift */; };
		E4962C051EB4B08000DF8CAE /* Tsukuba_iOSUITests.swift in Sources */ = {isa = PBXBuildFile; fileRef = E4962C041EB4B08000DF8CAE /* Tsukuba_iOSUITests.swift */; };
/* End PBXBuildFile section */

/* Begin PBXContainerItemProxy section */
		E4962BF61EB4B08000DF8CAE /* PBXContainerItemProxy */ = {
			isa = PBXContainerItemProxy;
			containerPortal = E4962BD61EB4B08000DF8CAE /* Project object */;
			proxyType = 1;
			remoteGlobalIDString = E4962BDD1EB4B08000DF8CAE;
			remoteInfo = "Tsukuba-iOS";
		};
		E4962C011EB4B08000DF8CAE /* PBXContainerItemProxy */ = {
			isa = PBXContainerItemProxy;
			containerPortal = E4962BD61EB4B08000DF8CAE /* Project object */;
			proxyType = 1;
			remoteGlobalIDString = E4962BDD1EB4B08000DF8CAE;
			remoteInfo = "Tsukuba-iOS";
		};
/* End PBXContainerItemProxy section */

/* Begin PBXFileReference section */
		251F3A7B6A78E17CB718E63B /* Pods-Tsukuba-iOS.debug.xcconfig */ = {isa = PBXFileReference; includeInIndex = 1; lastKnownFileType = text.xcconfig; name = "Pods-Tsukuba-iOS.debug.xcconfig"; path = "Pods/Target Support Files/Pods-Tsukuba-iOS/Pods-Tsukuba-iOS.debug.xcconfig"; sourceTree = "<group>"; };
		6069AEC1C44BCF1C385A7547 /* Pods-Tsukuba-iOS.release.xcconfig */ = {isa = PBXFileReference; includeInIndex = 1; lastKnownFileType = text.xcconfig; name = "Pods-Tsukuba-iOS.release.xcconfig"; path = "Pods/Target Support Files/Pods-Tsukuba-iOS/Pods-Tsukuba-iOS.release.xcconfig"; sourceTree = "<group>"; };
		E4089FA21EBADD170042221D /* CategoriesCollectionViewController.swift */ = {isa = PBXFileReference; fileEncoding = 4; lastKnownFileType = sourcecode.swift; path = CategoriesCollectionViewController.swift; sourceTree = "<group>"; };
		E4089FB31EBAE55C0042221D /* DaoManager.swift */ = {isa = PBXFileReference; fileEncoding = 4; lastKnownFileType = sourcecode.swift; path = DaoManager.swift; sourceTree = "<group>"; };
		E4089FB41EBAE55C0042221D /* DaoTemplate.swift */ = {isa = PBXFileReference; fileEncoding = 4; lastKnownFileType = sourcecode.swift; path = DaoTemplate.swift; sourceTree = "<group>"; };
		E4089FB71EBAE5830042221D /* CategoryDao.swift */ = {isa = PBXFileReference; fileEncoding = 4; lastKnownFileType = sourcecode.swift; path = CategoryDao.swift; sourceTree = "<group>"; };
		E4089FB91EBAE58F0042221D /* OptionDao.swift */ = {isa = PBXFileReference; fileEncoding = 4; lastKnownFileType = sourcecode.swift; path = OptionDao.swift; sourceTree = "<group>"; };
		E4089FBB1EBAE59E0042221D /* SelectionDao.swift */ = {isa = PBXFileReference; fileEncoding = 4; lastKnownFileType = sourcecode.swift; path = SelectionDao.swift; sourceTree = "<group>"; };
		E4089FD61EBAEFA00042221D /* SyncManager.swift */ = {isa = PBXFileReference; fileEncoding = 4; lastKnownFileType = sourcecode.swift; path = SyncManager.swift; sourceTree = "<group>"; };
		E4089FD91EBAF0250042221D /* Global.swift */ = {isa = PBXFileReference; fileEncoding = 4; lastKnownFileType = sourcecode.swift; path = Global.swift; sourceTree = "<group>"; };
		E4089FDB1EBAF2190042221D /* Response.swift */ = {isa = PBXFileReference; fileEncoding = 4; lastKnownFileType = sourcecode.swift; path = Response.swift; sourceTree = "<group>"; };
		E4089FE11EBAF8F40042221D /* CategoryCollectionViewCell.swift */ = {isa = PBXFileReference; fileEncoding = 4; lastKnownFileType = sourcecode.swift; path = CategoryCollectionViewCell.swift; sourceTree = "<group>"; };
		E4089FE61EBB36440042221D /* MeTableViewController.swift */ = {isa = PBXFileReference; fileEncoding = 4; lastKnownFileType = sourcecode.swift; path = MeTableViewController.swift; sourceTree = "<group>"; };
		E4089FE81EBB3A1F0042221D /* LoginViewController.swift */ = {isa = PBXFileReference; fileEncoding = 4; lastKnownFileType = sourcecode.swift; path = LoginViewController.swift; sourceTree = "<group>"; };
		E4089FEA1EBB3B990042221D /* CommonTool.swift */ = {isa = PBXFileReference; fileEncoding = 4; lastKnownFileType = sourcecode.swift; path = CommonTool.swift; sourceTree = "<group>"; };
		E4089FEC1EBB3BF90042221D /* UserManager.swift */ = {isa = PBXFileReference; fileEncoding = 4; lastKnownFileType = sourcecode.swift; path = UserManager.swift; sourceTree = "<group>"; };
		E4089FEE1EBB4AD80042221D /* MyProfileTableViewController.swift */ = {isa = PBXFileReference; fileEncoding = 4; lastKnownFileType = sourcecode.swift; path = MyProfileTableViewController.swift; sourceTree = "<group>"; };
		E4089FF01EBB4F160042221D /* AvatarViewController.swift */ = {isa = PBXFileReference; fileEncoding = 4; lastKnownFileType = sourcecode.swift; path = AvatarViewController.swift; sourceTree = "<group>"; };
		E4089FF21EBB50790042221D /* Localizable.strings */ = {isa = PBXFileReference; fileEncoding = 4; lastKnownFileType = text.plist.strings; path = Localizable.strings; sourceTree = "<group>"; };
		E41ADBFB1EC151AA006479C5 /* PictureCollectionViewCell.swift */ = {isa = PBXFileReference; fileEncoding = 4; lastKnownFileType = sourcecode.swift; path = PictureCollectionViewCell.swift; sourceTree = "<group>"; };
		E41F7D001EC34CB8002E8184 /* MessagesCollectionViewController.swift */ = {isa = PBXFileReference; fileEncoding = 4; lastKnownFileType = sourcecode.swift; path = MessagesCollectionViewController.swift; sourceTree = "<group>"; };
		E41F7D021EC3604C002E8184 /* MessageCollectionViewCell.swift */ = {isa = PBXFileReference; fileEncoding = 4; lastKnownFileType = sourcecode.swift; path = MessageCollectionViewCell.swift; sourceTree = "<group>"; };
		E41F7D071EC369CD002E8184 /* login-bg.jpg */ = {isa = PBXFileReference; lastKnownFileType = image.jpeg; path = "login-bg.jpg"; sourceTree = "<group>"; };
		E41F7D091EC36C2A002E8184 /* RegisterViewController.swift */ = {isa = PBXFileReference; fileEncoding = 4; lastKnownFileType = sourcecode.swift; path = RegisterViewController.swift; sourceTree = "<group>"; };
		E41F7D0B1EC36C4B002E8184 /* EditingViewController.swift */ = {isa = PBXFileReference; fileEncoding = 4; lastKnownFileType = sourcecode.swift; path = EditingViewController.swift; sourceTree = "<group>"; };
		E41F7D0D1EC3EAA3002E8184 /* Tsukuba-iOS-Bridging-Header.h */ = {isa = PBXFileReference; lastKnownFileType = sourcecode.c.h; path = "Tsukuba-iOS-Bridging-Header.h"; sourceTree = "<group>"; };
		E41F7D111EC3EB92002E8184 /* CustomBack.swift */ = {isa = PBXFileReference; fileEncoding = 4; lastKnownFileType = sourcecode.swift; path = CustomBack.swift; sourceTree = "<group>"; };
		E42331771EC030FE00C3A6B0 /* Assets.xcassets */ = {isa = PBXFileReference; lastKnownFileType = folder.assetcatalog; path = Assets.xcassets; sourceTree = "<group>"; };
		E489721C1EBED40F0064EA13 /* PostViewController.swift */ = {isa = PBXFileReference; fileEncoding = 4; lastKnownFileType = sourcecode.swift; path = PostViewController.swift; sourceTree = "<group>"; };
		E489721E1EBEF34E0064EA13 /* SelectCategoryViewController.swift */ = {isa = PBXFileReference; fileEncoding = 4; lastKnownFileType = sourcecode.swift; path = SelectCategoryViewController.swift; sourceTree = "<group>"; };
		E48972201EBF62280064EA13 /* PictureViewController.swift */ = {isa = PBXFileReference; fileEncoding = 4; lastKnownFileType = sourcecode.swift; path = PictureViewController.swift; sourceTree = "<group>"; };
		E48972221EBF64320064EA13 /* MessageManager.swift */ = {isa = PBXFileReference; fileEncoding = 4; lastKnownFileType = sourcecode.swift; path = MessageManager.swift; sourceTree = "<group>"; };
		E48DE54E1EC2D30700E5CA25 /* MyMessagesTableViewController.swift */ = {isa = PBXFileReference; fileEncoding = 4; lastKnownFileType = sourcecode.swift; path = MyMessagesTableViewController.swift; sourceTree = "<group>"; };
		E48DE5501EC2D33000E5CA25 /* MyMessageTableViewCell.swift */ = {isa = PBXFileReference; fileEncoding = 4; lastKnownFileType = sourcecode.swift; path = MyMessageTableViewCell.swift; sourceTree = "<group>"; };
		E48DE5521EC2D52C00E5CA25 /* Message.swift */ = {isa = PBXFileReference; fileEncoding = 4; lastKnownFileType = sourcecode.swift; path = Message.swift; sourceTree = "<group>"; };
		E4962BDE1EB4B08000DF8CAE /* Tsukuba-iOS.app */ = {isa = PBXFileReference; explicitFileType = wrapper.application; includeInIndex = 0; path = "Tsukuba-iOS.app"; sourceTree = BUILT_PRODUCTS_DIR; };
		E4962BE11EB4B08000DF8CAE /* AppDelegate.swift */ = {isa = PBXFileReference; lastKnownFileType = sourcecode.swift; path = AppDelegate.swift; sourceTree = "<group>"; };
		E4962BE61EB4B08000DF8CAE /* Base */ = {isa = PBXFileReference; lastKnownFileType = file.storyboard; name = Base; path = Base.lproj/Main.storyboard; sourceTree = "<group>"; };
		E4962BE91EB4B08000DF8CAE /* Tsukuba.xcdatamodel */ = {isa = PBXFileReference; lastKnownFileType = wrapper.xcdatamodel; path = Tsukuba.xcdatamodel; sourceTree = "<group>"; };
		E4962BEE1EB4B08000DF8CAE /* Base */ = {isa = PBXFileReference; lastKnownFileType = file.storyboard; name = Base; path = Base.lproj/LaunchScreen.storyboard; sourceTree = "<group>"; };
		E4962BF01EB4B08000DF8CAE /* Info.plist */ = {isa = PBXFileReference; lastKnownFileType = text.plist.xml; path = Info.plist; sourceTree = "<group>"; };
		E4962BF51EB4B08000DF8CAE /* Tsukuba-iOSTests.xctest */ = {isa = PBXFileReference; explicitFileType = wrapper.cfbundle; includeInIndex = 0; path = "Tsukuba-iOSTests.xctest"; sourceTree = BUILT_PRODUCTS_DIR; };
		E4962BF91EB4B08000DF8CAE /* Tsukuba_iOSTests.swift */ = {isa = PBXFileReference; lastKnownFileType = sourcecode.swift; path = Tsukuba_iOSTests.swift; sourceTree = "<group>"; };
		E4962BFB1EB4B08000DF8CAE /* Info.plist */ = {isa = PBXFileReference; lastKnownFileType = text.plist.xml; path = Info.plist; sourceTree = "<group>"; };
		E4962C001EB4B08000DF8CAE /* Tsukuba-iOSUITests.xctest */ = {isa = PBXFileReference; explicitFileType = wrapper.cfbundle; includeInIndex = 0; path = "Tsukuba-iOSUITests.xctest"; sourceTree = BUILT_PRODUCTS_DIR; };
		E4962C041EB4B08000DF8CAE /* Tsukuba_iOSUITests.swift */ = {isa = PBXFileReference; lastKnownFileType = sourcecode.swift; path = Tsukuba_iOSUITests.swift; sourceTree = "<group>"; };
		E4962C061EB4B08000DF8CAE /* Info.plist */ = {isa = PBXFileReference; lastKnownFileType = text.plist.xml; path = Info.plist; sourceTree = "<group>"; };
		F44E7EC0007342735A1D800F /* Pods_Tsukuba_iOS.framework */ = {isa = PBXFileReference; explicitFileType = wrapper.framework; includeInIndex = 0; path = Pods_Tsukuba_iOS.framework; sourceTree = BUILT_PRODUCTS_DIR; };
/* End PBXFileReference section */

/* Begin PBXFrameworksBuildPhase section */
		E4962BDB1EB4B08000DF8CAE /* Frameworks */ = {
			isa = PBXFrameworksBuildPhase;
			buildActionMask = 2147483647;
			files = (
				D3A30465DED0A54864830928 /* Pods_Tsukuba_iOS.framework in Frameworks */,
			);
			runOnlyForDeploymentPostprocessing = 0;
		};
		E4962BF21EB4B08000DF8CAE /* Frameworks */ = {
			isa = PBXFrameworksBuildPhase;
			buildActionMask = 2147483647;
			files = (
			);
			runOnlyForDeploymentPostprocessing = 0;
		};
		E4962BFD1EB4B08000DF8CAE /* Frameworks */ = {
			isa = PBXFrameworksBuildPhase;
			buildActionMask = 2147483647;
			files = (
			);
			runOnlyForDeploymentPostprocessing = 0;
		};
/* End PBXFrameworksBuildPhase section */

/* Begin PBXGroup section */
		A0941B9AB6A83BA8AAE365F0 /* Frameworks */ = {
			isa = PBXGroup;
			children = (
				F44E7EC0007342735A1D800F /* Pods_Tsukuba_iOS.framework */,
			);
			name = Frameworks;
			sourceTree = "<group>";
		};
		A80F46868D81B8F88D072248 /* Pods */ = {
			isa = PBXGroup;
			children = (
				251F3A7B6A78E17CB718E63B /* Pods-Tsukuba-iOS.debug.xcconfig */,
				6069AEC1C44BCF1C385A7547 /* Pods-Tsukuba-iOS.release.xcconfig */,
			);
			name = Pods;
			sourceTree = "<group>";
		};
		E4089FA41EBADD4B0042221D /* Model */ = {
			isa = PBXGroup;
			children = (
				E4962BE81EB4B08000DF8CAE /* Tsukuba.xcdatamodeld */,
				E48DE5521EC2D52C00E5CA25 /* Message.swift */,
			);
			name = Model;
			sourceTree = "<group>";
		};
		E4089FB21EBAE5180042221D /* Dao */ = {
			isa = PBXGroup;
			children = (
				E4089FB31EBAE55C0042221D /* DaoManager.swift */,
				E4089FB41EBAE55C0042221D /* DaoTemplate.swift */,
				E4089FB71EBAE5830042221D /* CategoryDao.swift */,
				E4089FB91EBAE58F0042221D /* OptionDao.swift */,
				E4089FBB1EBAE59E0042221D /* SelectionDao.swift */,
			);
			name = Dao;
			sourceTree = "<group>";
		};
		E4089FD51EBAEF7F0042221D /* Manager */ = {
			isa = PBXGroup;
			children = (
				E4089FD61EBAEFA00042221D /* SyncManager.swift */,
				E4089FEC1EBB3BF90042221D /* UserManager.swift */,
				E48972221EBF64320064EA13 /* MessageManager.swift */,
			);
			name = Manager;
			sourceTree = "<group>";
		};
		E4089FD81EBAF0020042221D /* Tool */ = {
			isa = PBXGroup;
			children = (
				E4089FD91EBAF0250042221D /* Global.swift */,
				E4089FDB1EBAF2190042221D /* Response.swift */,
				E4089FEA1EBB3B990042221D /* CommonTool.swift */,
				E41F7D111EC3EB92002E8184 /* CustomBack.swift */,
			);
			name = Tool;
			sourceTree = "<group>";
		};
		E4089FE41EBB36150042221D /* Controller */ = {
			isa = PBXGroup;
			children = (
				E4089FF01EBB4F160042221D /* AvatarViewController.swift */,
				E4089FA21EBADD170042221D /* CategoriesCollectionViewController.swift */,
				E41F7D0B1EC36C4B002E8184 /* EditingViewController.swift */,
				E4089FE81EBB3A1F0042221D /* LoginViewController.swift */,
				E41F7D001EC34CB8002E8184 /* MessagesCollectionViewController.swift */,
				E4089FE61EBB36440042221D /* MeTableViewController.swift */,
				E48DE54E1EC2D30700E5CA25 /* MyMessagesTableViewController.swift */,
				E4089FEE1EBB4AD80042221D /* MyProfileTableViewController.swift */,
				E48972201EBF62280064EA13 /* PictureViewController.swift */,
				E489721C1EBED40F0064EA13 /* PostViewController.swift */,
				E41F7D091EC36C2A002E8184 /* RegisterViewController.swift */,
				E489721E1EBEF34E0064EA13 /* SelectCategoryViewController.swift */,
			);
			name = Controller;
			sourceTree = "<group>";
		};
		E4089FE51EBB36220042221D /* Template */ = {
			isa = PBXGroup;
			children = (
				E4089FE11EBAF8F40042221D /* CategoryCollectionViewCell.swift */,
				E41ADBFB1EC151AA006479C5 /* PictureCollectionViewCell.swift */,
				E48DE5501EC2D33000E5CA25 /* MyMessageTableViewCell.swift */,
				E41F7D021EC3604C002E8184 /* MessageCollectionViewCell.swift */,
			);
			name = Template;
			sourceTree = "<group>";
		};
		E41F7D041EC368A0002E8184 /* Support Files */ = {
			isa = PBXGroup;
			children = (
				E41F7D071EC369CD002E8184 /* login-bg.jpg */,
				E4089FF21EBB50790042221D /* Localizable.strings */,
				E41F7D0D1EC3EAA3002E8184 /* Tsukuba-iOS-Bridging-Header.h */,
			);
			name = "Support Files";
			sourceTree = "<group>";
		};
		E4962BD51EB4B08000DF8CAE = {
			isa = PBXGroup;
			children = (
				E4962BE01EB4B08000DF8CAE /* Tsukuba-iOS */,
				E4962BF81EB4B08000DF8CAE /* Tsukuba-iOSTests */,
				E4962C031EB4B08000DF8CAE /* Tsukuba-iOSUITests */,
				E4962BDF1EB4B08000DF8CAE /* Products */,
				A80F46868D81B8F88D072248 /* Pods */,
				A0941B9AB6A83BA8AAE365F0 /* Frameworks */,
			);
			sourceTree = "<group>";
		};
		E4962BDF1EB4B08000DF8CAE /* Products */ = {
			isa = PBXGroup;
			children = (
				E4962BDE1EB4B08000DF8CAE /* Tsukuba-iOS.app */,
				E4962BF51EB4B08000DF8CAE /* Tsukuba-iOSTests.xctest */,
				E4962C001EB4B08000DF8CAE /* Tsukuba-iOSUITests.xctest */,
			);
			name = Products;
			sourceTree = "<group>";
		};
		E4962BE01EB4B08000DF8CAE /* Tsukuba-iOS */ = {
			isa = PBXGroup;
			children = (
				E4089FA41EBADD4B0042221D /* Model */,
				E4089FB21EBAE5180042221D /* Dao */,
				E4089FD51EBAEF7F0042221D /* Manager */,
				E4089FE41EBB36150042221D /* Controller */,
				E4089FE51EBB36220042221D /* Template */,
				E4089FD81EBAF0020042221D /* Tool */,
				E41F7D041EC368A0002E8184 /* Support Files */,
				E4962BE11EB4B08000DF8CAE /* AppDelegate.swift */,
				E42331771EC030FE00C3A6B0 /* Assets.xcassets */,
				E4962BF01EB4B08000DF8CAE /* Info.plist */,
				E4962BED1EB4B08000DF8CAE /* LaunchScreen.storyboard */,
				E4962BE51EB4B08000DF8CAE /* Main.storyboard */,
			);
			path = "Tsukuba-iOS";
			sourceTree = "<group>";
		};
		E4962BF81EB4B08000DF8CAE /* Tsukuba-iOSTests */ = {
			isa = PBXGroup;
			children = (
				E4962BF91EB4B08000DF8CAE /* Tsukuba_iOSTests.swift */,
				E4962BFB1EB4B08000DF8CAE /* Info.plist */,
			);
			path = "Tsukuba-iOSTests";
			sourceTree = "<group>";
		};
		E4962C031EB4B08000DF8CAE /* Tsukuba-iOSUITests */ = {
			isa = PBXGroup;
			children = (
				E4962C041EB4B08000DF8CAE /* Tsukuba_iOSUITests.swift */,
				E4962C061EB4B08000DF8CAE /* Info.plist */,
			);
			path = "Tsukuba-iOSUITests";
			sourceTree = "<group>";
		};
/* End PBXGroup section */

/* Begin PBXNativeTarget section */
		E4962BDD1EB4B08000DF8CAE /* Tsukuba-iOS */ = {
			isa = PBXNativeTarget;
			buildConfigurationList = E4962C091EB4B08000DF8CAE /* Build configuration list for PBXNativeTarget "Tsukuba-iOS" */;
			buildPhases = (
				C9D33EE20E7E99C82C34E7B5 /* [CP] Check Pods Manifest.lock */,
				E4962BDA1EB4B08000DF8CAE /* Sources */,
				E4962BDB1EB4B08000DF8CAE /* Frameworks */,
				E4962BDC1EB4B08000DF8CAE /* Resources */,
				9E1D8D9AF95E3E3B803619D9 /* [CP] Embed Pods Frameworks */,
				E4F0B49F5FE9A2B18A41FB3F /* [CP] Copy Pods Resources */,
			);
			buildRules = (
			);
			dependencies = (
			);
			name = "Tsukuba-iOS";
			productName = "Tsukuba-iOS";
			productReference = E4962BDE1EB4B08000DF8CAE /* Tsukuba-iOS.app */;
			productType = "com.apple.product-type.application";
		};
		E4962BF41EB4B08000DF8CAE /* Tsukuba-iOSTests */ = {
			isa = PBXNativeTarget;
			buildConfigurationList = E4962C0C1EB4B08000DF8CAE /* Build configuration list for PBXNativeTarget "Tsukuba-iOSTests" */;
			buildPhases = (
				E4962BF11EB4B08000DF8CAE /* Sources */,
				E4962BF21EB4B08000DF8CAE /* Frameworks */,
				E4962BF31EB4B08000DF8CAE /* Resources */,
			);
			buildRules = (
			);
			dependencies = (
				E4962BF71EB4B08000DF8CAE /* PBXTargetDependency */,
			);
			name = "Tsukuba-iOSTests";
			productName = "Tsukuba-iOSTests";
			productReference = E4962BF51EB4B08000DF8CAE /* Tsukuba-iOSTests.xctest */;
			productType = "com.apple.product-type.bundle.unit-test";
		};
		E4962BFF1EB4B08000DF8CAE /* Tsukuba-iOSUITests */ = {
			isa = PBXNativeTarget;
			buildConfigurationList = E4962C0F1EB4B08000DF8CAE /* Build configuration list for PBXNativeTarget "Tsukuba-iOSUITests" */;
			buildPhases = (
				E4962BFC1EB4B08000DF8CAE /* Sources */,
				E4962BFD1EB4B08000DF8CAE /* Frameworks */,
				E4962BFE1EB4B08000DF8CAE /* Resources */,
			);
			buildRules = (
			);
			dependencies = (
				E4962C021EB4B08000DF8CAE /* PBXTargetDependency */,
			);
			name = "Tsukuba-iOSUITests";
			productName = "Tsukuba-iOSUITests";
			productReference = E4962C001EB4B08000DF8CAE /* Tsukuba-iOSUITests.xctest */;
			productType = "com.apple.product-type.bundle.ui-testing";
		};
/* End PBXNativeTarget section */

/* Begin PBXProject section */
		E4962BD61EB4B08000DF8CAE /* Project object */ = {
			isa = PBXProject;
			attributes = {
				LastSwiftUpdateCheck = 0830;
				LastUpgradeCheck = 0830;
				ORGANIZATIONNAME = MuShare;
				TargetAttributes = {
					E4962BDD1EB4B08000DF8CAE = {
						CreatedOnToolsVersion = 8.3.2;
						DevelopmentTeam = 6ANM44X2CJ;
						LastSwiftMigration = 0830;
						ProvisioningStyle = Automatic;
					};
					E4962BF41EB4B08000DF8CAE = {
						CreatedOnToolsVersion = 8.3.2;
						DevelopmentTeam = 6ANM44X2CJ;
						ProvisioningStyle = Automatic;
						TestTargetID = E4962BDD1EB4B08000DF8CAE;
					};
					E4962BFF1EB4B08000DF8CAE = {
						CreatedOnToolsVersion = 8.3.2;
						DevelopmentTeam = 6ANM44X2CJ;
						ProvisioningStyle = Automatic;
						TestTargetID = E4962BDD1EB4B08000DF8CAE;
					};
				};
			};
			buildConfigurationList = E4962BD91EB4B08000DF8CAE /* Build configuration list for PBXProject "Tsukuba-iOS" */;
			compatibilityVersion = "Xcode 3.2";
			developmentRegion = English;
			hasScannedForEncodings = 0;
			knownRegions = (
				en,
				Base,
			);
			mainGroup = E4962BD51EB4B08000DF8CAE;
			productRefGroup = E4962BDF1EB4B08000DF8CAE /* Products */;
			projectDirPath = "";
			projectRoot = "";
			targets = (
				E4962BDD1EB4B08000DF8CAE /* Tsukuba-iOS */,
				E4962BF41EB4B08000DF8CAE /* Tsukuba-iOSTests */,
				E4962BFF1EB4B08000DF8CAE /* Tsukuba-iOSUITests */,
			);
		};
/* End PBXProject section */

/* Begin PBXResourcesBuildPhase section */
		E4962BDC1EB4B08000DF8CAE /* Resources */ = {
			isa = PBXResourcesBuildPhase;
			buildActionMask = 2147483647;
			files = (
				E4962BEF1EB4B08000DF8CAE /* LaunchScreen.storyboard in Resources */,
				E4089FF31EBB50790042221D /* Localizable.strings in Resources */,
				E42331781EC030FE00C3A6B0 /* Assets.xcassets in Resources */,
				E4962BE71EB4B08000DF8CAE /* Main.storyboard in Resources */,
				E41F7D081EC369CD002E8184 /* login-bg.jpg in Resources */,
			);
			runOnlyForDeploymentPostprocessing = 0;
		};
		E4962BF31EB4B08000DF8CAE /* Resources */ = {
			isa = PBXResourcesBuildPhase;
			buildActionMask = 2147483647;
			files = (
			);
			runOnlyForDeploymentPostprocessing = 0;
		};
		E4962BFE1EB4B08000DF8CAE /* Resources */ = {
			isa = PBXResourcesBuildPhase;
			buildActionMask = 2147483647;
			files = (
			);
			runOnlyForDeploymentPostprocessing = 0;
		};
/* End PBXResourcesBuildPhase section */

/* Begin PBXShellScriptBuildPhase section */
		9E1D8D9AF95E3E3B803619D9 /* [CP] Embed Pods Frameworks */ = {
			isa = PBXShellScriptBuildPhase;
			buildActionMask = 2147483647;
			files = (
			);
			inputPaths = (
			);
			name = "[CP] Embed Pods Frameworks";
			outputPaths = (
			);
			runOnlyForDeploymentPostprocessing = 0;
			shellPath = /bin/sh;
			shellScript = "\"${SRCROOT}/Pods/Target Support Files/Pods-Tsukuba-iOS/Pods-Tsukuba-iOS-frameworks.sh\"\n";
			showEnvVarsInLog = 0;
		};
		C9D33EE20E7E99C82C34E7B5 /* [CP] Check Pods Manifest.lock */ = {
			isa = PBXShellScriptBuildPhase;
			buildActionMask = 2147483647;
			files = (
			);
			inputPaths = (
			);
			name = "[CP] Check Pods Manifest.lock";
			outputPaths = (
			);
			runOnlyForDeploymentPostprocessing = 0;
			shellPath = /bin/sh;
			shellScript = "diff \"${PODS_PODFILE_DIR_PATH}/Podfile.lock\" \"${PODS_ROOT}/Manifest.lock\" > /dev/null\nif [ $? != 0 ] ; then\n    # print error to STDERR\n    echo \"error: The sandbox is not in sync with the Podfile.lock. Run 'pod install' or update your CocoaPods installation.\" >&2\n    exit 1\nfi\n";
			showEnvVarsInLog = 0;
		};
		E4F0B49F5FE9A2B18A41FB3F /* [CP] Copy Pods Resources */ = {
			isa = PBXShellScriptBuildPhase;
			buildActionMask = 2147483647;
			files = (
			);
			inputPaths = (
			);
			name = "[CP] Copy Pods Resources";
			outputPaths = (
			);
			runOnlyForDeploymentPostprocessing = 0;
			shellPath = /bin/sh;
			shellScript = "\"${SRCROOT}/Pods/Target Support Files/Pods-Tsukuba-iOS/Pods-Tsukuba-iOS-resources.sh\"\n";
			showEnvVarsInLog = 0;
		};
/* End PBXShellScriptBuildPhase section */

/* Begin PBXSourcesBuildPhase section */
		E4962BDA1EB4B08000DF8CAE /* Sources */ = {
			isa = PBXSourcesBuildPhase;
			buildActionMask = 2147483647;
			files = (
				E4089FEF1EBB4AD80042221D /* MyProfileTableViewController.swift in Sources */,
				E4089FE91EBB3A1F0042221D /* LoginViewController.swift in Sources */,
				E489721F1EBEF34E0064EA13 /* SelectCategoryViewController.swift in Sources */,
				E41ADBFC1EC151AA006479C5 /* PictureCollectionViewCell.swift in Sources */,
				E4089FD71EBAEFA00042221D /* SyncManager.swift in Sources */,
				E48DE5511EC2D33000E5CA25 /* MyMessageTableViewCell.swift in Sources */,
				E48972211EBF62280064EA13 /* PictureViewController.swift in Sources */,
				E4089FB51EBAE55C0042221D /* DaoManager.swift in Sources */,
				E4089FE71EBB36440042221D /* MeTableViewController.swift in Sources */,
				E48DE5531EC2D52C00E5CA25 /* Message.swift in Sources */,
				E4089FF11EBB4F160042221D /* AvatarViewController.swift in Sources */,
				E4089FA31EBADD170042221D /* CategoriesCollectionViewController.swift in Sources */,
				E4089FB61EBAE55C0042221D /* DaoTemplate.swift in Sources */,
				E41F7D0C1EC36C4B002E8184 /* EditingViewController.swift in Sources */,
				E4089FED1EBB3BF90042221D /* UserManager.swift in Sources */,
				E41F7D031EC3604C002E8184 /* MessageCollectionViewCell.swift in Sources */,
				E4089FE21EBAF8F40042221D /* CategoryCollectionViewCell.swift in Sources */,
				E41F7D011EC34CB8002E8184 /* MessagesCollectionViewController.swift in Sources */,
				E4089FB81EBAE5830042221D /* CategoryDao.swift in Sources */,
				E4089FBC1EBAE59E0042221D /* SelectionDao.swift in Sources */,
				E489721D1EBED40F0064EA13 /* PostViewController.swift in Sources */,
				E4962BE21EB4B08000DF8CAE /* AppDelegate.swift in Sources */,
				E4089FEB1EBB3B990042221D /* CommonTool.swift in Sources */,
				E4089FDC1EBAF2190042221D /* Response.swift in Sources */,
				E48DE54F1EC2D30700E5CA25 /* MyMessagesTableViewController.swift in Sources */,
				E4089FBA1EBAE58F0042221D /* OptionDao.swift in Sources */,
				E4089FDA1EBAF0250042221D /* Global.swift in Sources */,
				E4962BEA1EB4B08000DF8CAE /* Tsukuba.xcdatamodeld in Sources */,
				E41F7D121EC3EB92002E8184 /* CustomBack.swift in Sources */,
				E48972231EBF64320064EA13 /* MessageManager.swift in Sources */,
				E41F7D0A1EC36C2A002E8184 /* RegisterViewController.swift in Sources */,
			);
			runOnlyForDeploymentPostprocessing = 0;
		};
		E4962BF11EB4B08000DF8CAE /* Sources */ = {
			isa = PBXSourcesBuildPhase;
			buildActionMask = 2147483647;
			files = (
				E4962BFA1EB4B08000DF8CAE /* Tsukuba_iOSTests.swift in Sources */,
			);
			runOnlyForDeploymentPostprocessing = 0;
		};
		E4962BFC1EB4B08000DF8CAE /* Sources */ = {
			isa = PBXSourcesBuildPhase;
			buildActionMask = 2147483647;
			files = (
				E4962C051EB4B08000DF8CAE /* Tsukuba_iOSUITests.swift in Sources */,
			);
			runOnlyForDeploymentPostprocessing = 0;
		};
/* End PBXSourcesBuildPhase section */

/* Begin PBXTargetDependency section */
		E4962BF71EB4B08000DF8CAE /* PBXTargetDependency */ = {
			isa = PBXTargetDependency;
			target = E4962BDD1EB4B08000DF8CAE /* Tsukuba-iOS */;
			targetProxy = E4962BF61EB4B08000DF8CAE /* PBXContainerItemProxy */;
		};
		E4962C021EB4B08000DF8CAE /* PBXTargetDependency */ = {
			isa = PBXTargetDependency;
			target = E4962BDD1EB4B08000DF8CAE /* Tsukuba-iOS */;
			targetProxy = E4962C011EB4B08000DF8CAE /* PBXContainerItemProxy */;
		};
/* End PBXTargetDependency section */

/* Begin PBXVariantGroup section */
		E4962BE51EB4B08000DF8CAE /* Main.storyboard */ = {
			isa = PBXVariantGroup;
			children = (
				E4962BE61EB4B08000DF8CAE /* Base */,
			);
			name = Main.storyboard;
			sourceTree = "<group>";
		};
		E4962BED1EB4B08000DF8CAE /* LaunchScreen.storyboard */ = {
			isa = PBXVariantGroup;
			children = (
				E4962BEE1EB4B08000DF8CAE /* Base */,
			);
			name = LaunchScreen.storyboard;
			sourceTree = "<group>";
		};
/* End PBXVariantGroup section */

/* Begin XCBuildConfiguration section */
		E4962C071EB4B08000DF8CAE /* Debug */ = {
			isa = XCBuildConfiguration;
			buildSettings = {
				ALWAYS_SEARCH_USER_PATHS = NO;
				CLANG_ANALYZER_NONNULL = YES;
				CLANG_ANALYZER_NUMBER_OBJECT_CONVERSION = YES_AGGRESSIVE;
				CLANG_CXX_LANGUAGE_STANDARD = "gnu++0x";
				CLANG_CXX_LIBRARY = "libc++";
				CLANG_ENABLE_MODULES = YES;
				CLANG_ENABLE_OBJC_ARC = YES;
				CLANG_WARN_BOOL_CONVERSION = YES;
				CLANG_WARN_CONSTANT_CONVERSION = YES;
				CLANG_WARN_DIRECT_OBJC_ISA_USAGE = YES_ERROR;
				CLANG_WARN_DOCUMENTATION_COMMENTS = YES;
				CLANG_WARN_EMPTY_BODY = YES;
				CLANG_WARN_ENUM_CONVERSION = YES;
				CLANG_WARN_INFINITE_RECURSION = YES;
				CLANG_WARN_INT_CONVERSION = YES;
				CLANG_WARN_OBJC_ROOT_CLASS = YES_ERROR;
				CLANG_WARN_SUSPICIOUS_MOVE = YES;
				CLANG_WARN_UNREACHABLE_CODE = YES;
				CLANG_WARN__DUPLICATE_METHOD_MATCH = YES;
				"CODE_SIGN_IDENTITY[sdk=iphoneos*]" = "iPhone Developer";
				COPY_PHASE_STRIP = NO;
				DEBUG_INFORMATION_FORMAT = dwarf;
				ENABLE_STRICT_OBJC_MSGSEND = YES;
				ENABLE_TESTABILITY = YES;
				GCC_C_LANGUAGE_STANDARD = gnu99;
				GCC_DYNAMIC_NO_PIC = NO;
				GCC_NO_COMMON_BLOCKS = YES;
				GCC_OPTIMIZATION_LEVEL = 0;
				GCC_PREPROCESSOR_DEFINITIONS = (
					"DEBUG=1",
					"$(inherited)",
				);
				GCC_WARN_64_TO_32_BIT_CONVERSION = YES;
				GCC_WARN_ABOUT_RETURN_TYPE = YES_ERROR;
				GCC_WARN_UNDECLARED_SELECTOR = YES;
				GCC_WARN_UNINITIALIZED_AUTOS = YES_AGGRESSIVE;
				GCC_WARN_UNUSED_FUNCTION = YES;
				GCC_WARN_UNUSED_VARIABLE = YES;
				IPHONEOS_DEPLOYMENT_TARGET = 10.3;
				MTL_ENABLE_DEBUG_INFO = YES;
				ONLY_ACTIVE_ARCH = YES;
				SDKROOT = iphoneos;
				SWIFT_ACTIVE_COMPILATION_CONDITIONS = DEBUG;
				SWIFT_OPTIMIZATION_LEVEL = "-Onone";
				TARGETED_DEVICE_FAMILY = "1,2";
			};
			name = Debug;
		};
		E4962C081EB4B08000DF8CAE /* Release */ = {
			isa = XCBuildConfiguration;
			buildSettings = {
				ALWAYS_SEARCH_USER_PATHS = NO;
				CLANG_ANALYZER_NONNULL = YES;
				CLANG_ANALYZER_NUMBER_OBJECT_CONVERSION = YES_AGGRESSIVE;
				CLANG_CXX_LANGUAGE_STANDARD = "gnu++0x";
				CLANG_CXX_LIBRARY = "libc++";
				CLANG_ENABLE_MODULES = YES;
				CLANG_ENABLE_OBJC_ARC = YES;
				CLANG_WARN_BOOL_CONVERSION = YES;
				CLANG_WARN_CONSTANT_CONVERSION = YES;
				CLANG_WARN_DIRECT_OBJC_ISA_USAGE = YES_ERROR;
				CLANG_WARN_DOCUMENTATION_COMMENTS = YES;
				CLANG_WARN_EMPTY_BODY = YES;
				CLANG_WARN_ENUM_CONVERSION = YES;
				CLANG_WARN_INFINITE_RECURSION = YES;
				CLANG_WARN_INT_CONVERSION = YES;
				CLANG_WARN_OBJC_ROOT_CLASS = YES_ERROR;
				CLANG_WARN_SUSPICIOUS_MOVE = YES;
				CLANG_WARN_UNREACHABLE_CODE = YES;
				CLANG_WARN__DUPLICATE_METHOD_MATCH = YES;
				"CODE_SIGN_IDENTITY[sdk=iphoneos*]" = "iPhone Developer";
				COPY_PHASE_STRIP = NO;
				DEBUG_INFORMATION_FORMAT = "dwarf-with-dsym";
				ENABLE_NS_ASSERTIONS = NO;
				ENABLE_STRICT_OBJC_MSGSEND = YES;
				GCC_C_LANGUAGE_STANDARD = gnu99;
				GCC_NO_COMMON_BLOCKS = YES;
				GCC_WARN_64_TO_32_BIT_CONVERSION = YES;
				GCC_WARN_ABOUT_RETURN_TYPE = YES_ERROR;
				GCC_WARN_UNDECLARED_SELECTOR = YES;
				GCC_WARN_UNINITIALIZED_AUTOS = YES_AGGRESSIVE;
				GCC_WARN_UNUSED_FUNCTION = YES;
				GCC_WARN_UNUSED_VARIABLE = YES;
				IPHONEOS_DEPLOYMENT_TARGET = 10.3;
				MTL_ENABLE_DEBUG_INFO = NO;
				SDKROOT = iphoneos;
				SWIFT_OPTIMIZATION_LEVEL = "-Owholemodule";
				TARGETED_DEVICE_FAMILY = "1,2";
				VALIDATE_PRODUCT = YES;
			};
			name = Release;
		};
		E4962C0A1EB4B08000DF8CAE /* Debug */ = {
			isa = XCBuildConfiguration;
			baseConfigurationReference = 251F3A7B6A78E17CB718E63B /* Pods-Tsukuba-iOS.debug.xcconfig */;
			buildSettings = {
				ASSETCATALOG_COMPILER_APPICON_NAME = AppIcon;
				CLANG_ENABLE_MODULES = YES;
				DEVELOPMENT_TEAM = 6ANM44X2CJ;
				INFOPLIST_FILE = "Tsukuba-iOS/Info.plist";
				IPHONEOS_DEPLOYMENT_TARGET = 9.0;
				LD_RUNPATH_SEARCH_PATHS = "$(inherited) @executable_path/Frameworks";
				PRODUCT_BUNDLE_IDENTIFIER = "org.mushare.Tsukuba-iOS";
				PRODUCT_NAME = "$(TARGET_NAME)";
				SWIFT_OBJC_BRIDGING_HEADER = "Tsukuba-iOS/Tsukuba-iOS-Bridging-Header.h";
				SWIFT_OPTIMIZATION_LEVEL = "-Onone";
				SWIFT_VERSION = 3.0;
			};
			name = Debug;
		};
		E4962C0B1EB4B08000DF8CAE /* Release */ = {
			isa = XCBuildConfiguration;
			baseConfigurationReference = 6069AEC1C44BCF1C385A7547 /* Pods-Tsukuba-iOS.release.xcconfig */;
			buildSettings = {
				ASSETCATALOG_COMPILER_APPICON_NAME = AppIcon;
				CLANG_ENABLE_MODULES = YES;
				DEVELOPMENT_TEAM = 6ANM44X2CJ;
				INFOPLIST_FILE = "Tsukuba-iOS/Info.plist";
				IPHONEOS_DEPLOYMENT_TARGET = 9.0;
				LD_RUNPATH_SEARCH_PATHS = "$(inherited) @executable_path/Frameworks";
				PRODUCT_BUNDLE_IDENTIFIER = "org.mushare.Tsukuba-iOS";
				PRODUCT_NAME = "$(TARGET_NAME)";
				SWIFT_OBJC_BRIDGING_HEADER = "Tsukuba-iOS/Tsukuba-iOS-Bridging-Header.h";
				SWIFT_VERSION = 3.0;
			};
			name = Release;
		};
		E4962C0D1EB4B08000DF8CAE /* Debug */ = {
			isa = XCBuildConfiguration;
			buildSettings = {
				ALWAYS_EMBED_SWIFT_STANDARD_LIBRARIES = YES;
				BUNDLE_LOADER = "$(TEST_HOST)";
				DEVELOPMENT_TEAM = 6ANM44X2CJ;
				INFOPLIST_FILE = "Tsukuba-iOSTests/Info.plist";
				LD_RUNPATH_SEARCH_PATHS = "$(inherited) @executable_path/Frameworks @loader_path/Frameworks";
				PRODUCT_BUNDLE_IDENTIFIER = "org.mushare.Tsukuba-iOSTests";
				PRODUCT_NAME = "$(TARGET_NAME)";
				SWIFT_VERSION = 3.0;
				TEST_HOST = "$(BUILT_PRODUCTS_DIR)/Tsukuba-iOS.app/Tsukuba-iOS";
			};
			name = Debug;
		};
		E4962C0E1EB4B08000DF8CAE /* Release */ = {
			isa = XCBuildConfiguration;
			buildSettings = {
				ALWAYS_EMBED_SWIFT_STANDARD_LIBRARIES = YES;
				BUNDLE_LOADER = "$(TEST_HOST)";
				DEVELOPMENT_TEAM = 6ANM44X2CJ;
				INFOPLIST_FILE = "Tsukuba-iOSTests/Info.plist";
				LD_RUNPATH_SEARCH_PATHS = "$(inherited) @executable_path/Frameworks @loader_path/Frameworks";
				PRODUCT_BUNDLE_IDENTIFIER = "org.mushare.Tsukuba-iOSTests";
				PRODUCT_NAME = "$(TARGET_NAME)";
				SWIFT_VERSION = 3.0;
				TEST_HOST = "$(BUILT_PRODUCTS_DIR)/Tsukuba-iOS.app/Tsukuba-iOS";
			};
			name = Release;
		};
		E4962C101EB4B08000DF8CAE /* Debug */ = {
			isa = XCBuildConfiguration;
			buildSettings = {
				ALWAYS_EMBED_SWIFT_STANDARD_LIBRARIES = YES;
				DEVELOPMENT_TEAM = 6ANM44X2CJ;
				INFOPLIST_FILE = "Tsukuba-iOSUITests/Info.plist";
				LD_RUNPATH_SEARCH_PATHS = "$(inherited) @executable_path/Frameworks @loader_path/Frameworks";
				PRODUCT_BUNDLE_IDENTIFIER = "org.mushare.Tsukuba-iOSUITests";
				PRODUCT_NAME = "$(TARGET_NAME)";
				SWIFT_VERSION = 3.0;
				TEST_TARGET_NAME = "Tsukuba-iOS";
			};
			name = Debug;
		};
		E4962C111EB4B08000DF8CAE /* Release */ = {
			isa = XCBuildConfiguration;
			buildSettings = {
				ALWAYS_EMBED_SWIFT_STANDARD_LIBRARIES = YES;
				DEVELOPMENT_TEAM = 6ANM44X2CJ;
				INFOPLIST_FILE = "Tsukuba-iOSUITests/Info.plist";
				LD_RUNPATH_SEARCH_PATHS = "$(inherited) @executable_path/Frameworks @loader_path/Frameworks";
				PRODUCT_BUNDLE_IDENTIFIER = "org.mushare.Tsukuba-iOSUITests";
				PRODUCT_NAME = "$(TARGET_NAME)";
				SWIFT_VERSION = 3.0;
				TEST_TARGET_NAME = "Tsukuba-iOS";
			};
			name = Release;
		};
/* End XCBuildConfiguration section */

/* Begin XCConfigurationList section */
		E4962BD91EB4B08000DF8CAE /* Build configuration list for PBXProject "Tsukuba-iOS" */ = {
			isa = XCConfigurationList;
			buildConfigurations = (
				E4962C071EB4B08000DF8CAE /* Debug */,
				E4962C081EB4B08000DF8CAE /* Release */,
			);
			defaultConfigurationIsVisible = 0;
			defaultConfigurationName = Release;
		};
		E4962C091EB4B08000DF8CAE /* Build configuration list for PBXNativeTarget "Tsukuba-iOS" */ = {
			isa = XCConfigurationList;
			buildConfigurations = (
				E4962C0A1EB4B08000DF8CAE /* Debug */,
				E4962C0B1EB4B08000DF8CAE /* Release */,
			);
			defaultConfigurationIsVisible = 0;
			defaultConfigurationName = Release;
		};
		E4962C0C1EB4B08000DF8CAE /* Build configuration list for PBXNativeTarget "Tsukuba-iOSTests" */ = {
			isa = XCConfigurationList;
			buildConfigurations = (
				E4962C0D1EB4B08000DF8CAE /* Debug */,
				E4962C0E1EB4B08000DF8CAE /* Release */,
			);
			defaultConfigurationIsVisible = 0;
			defaultConfigurationName = Release;
		};
		E4962C0F1EB4B08000DF8CAE /* Build configuration list for PBXNativeTarget "Tsukuba-iOSUITests" */ = {
			isa = XCConfigurationList;
			buildConfigurations = (
				E4962C101EB4B08000DF8CAE /* Debug */,
				E4962C111EB4B08000DF8CAE /* Release */,
			);
			defaultConfigurationIsVisible = 0;
			defaultConfigurationName = Release;
		};
/* End XCConfigurationList section */

/* Begin XCVersionGroup section */
		E4962BE81EB4B08000DF8CAE /* Tsukuba.xcdatamodeld */ = {
			isa = XCVersionGroup;
			children = (
				E4962BE91EB4B08000DF8CAE /* Tsukuba.xcdatamodel */,
			);
			currentVersion = E4962BE91EB4B08000DF8CAE /* Tsukuba.xcdatamodel */;
			path = Tsukuba.xcdatamodeld;
			sourceTree = "<group>";
			versionGroupType = wrapper.xcdatamodel;
		};
/* End XCVersionGroup section */
	};
	rootObject = E4962BD61EB4B08000DF8CAE /* Project object */;
}
